
Microsoft Visual Studio Solution File, Format Version 12.00
Project("{FAE04EC0-301F-11D3-BF4B-00C04F79EFBC}") = "VersaiAPI", "VersaiAPI\VersaiAPI.csproj", "{579B3F7C-455C-4A67-AB0F-B32633645C3E}"
EndProject
Project("{FAE04EC0-301F-11D3-BF4B-00C04F79EFBC}") = "VersaiData", "VersaiData\VersaiData.csproj", "{86EB4E54-7452-4D18-8EA6-6AD8ABF40C6D}"
EndProject
Project("{FAE04EC0-301F-11D3-BF4B-00C04F79EFBC}") = "Versai.pro", "Versai.pro\Versai.pro.csproj", "{33A111D7-50F8-4DD1-BD4C-C6EBF0F07511}"
EndProject
Global
	GlobalSection(SolutionConfigurationPlatforms) = preSolution
		Debug|Any CPU = Debug|Any CPU
		Release|Any CPU = Release|Any CPU
	EndGlobalSection
	GlobalSection(ProjectConfigurationPlatforms) = postSolution
		{579B3F7C-455C-4A67-AB0F-B32633645C3E}.Debug|Any CPU.ActiveCfg = Debug|Any CPU
		{579B3F7C-455C-4A67-AB0F-B32633645C3E}.Debug|Any CPU.Build.0 = Debug|Any CPU
		{579B3F7C-455C-4A67-AB0F-B32633645C3E}.Release|Any CPU.ActiveCfg = Release|Any CPU
		{579B3F7C-455C-4A67-AB0F-B32633645C3E}.Release|Any CPU.Build.0 = Release|Any CPU
		{86EB4E54-7452-4D18-8EA6-6AD8ABF40C6D}.Debug|Any CPU.ActiveCfg = Debug|Any CPU
		{86EB4E54-7452-4D18-8EA6-6AD8ABF40C6D}.Debug|Any CPU.Build.0 = Debug|Any CPU
		{86EB4E54-7452-4D18-8EA6-6AD8ABF40C6D}.Release|Any CPU.ActiveCfg = Release|Any CPU
		{86EB4E54-7452-4D18-8EA6-6AD8ABF40C6D}.Release|Any CPU.Build.0 = Release|Any CPU
		{33A111D7-50F8-4DD1-BD4C-C6EBF0F07511}.Debug|Any CPU.ActiveCfg = Debug|Any CPU
		{33A111D7-50F8-4DD1-BD4C-C6EBF0F07511}.Debug|Any CPU.Build.0 = Debug|Any CPU
		{33A111D7-50F8-4DD1-BD4C-C6EBF0F07511}.Release|Any CPU.ActiveCfg = Release|Any CPU
		{33A111D7-50F8-4DD1-BD4C-C6EBF0F07511}.Release|Any CPU.Build.0 = Release|Any CPU
	EndGlobalSection
EndGlobal
